
Microsoft Visual Studio Solution File, Format Version 12.00
# Visual Studio Version 16
VisualStudioVersion = 16.0.28711.60
MinimumVisualStudioVersion = 10.0.40219.1
Project("{9A19103F-16F7-4668-BE54-9A1E7A4F7556}") = "NetRt", "NetRt\NetRt.csproj", "{3FFFFEE0-B0C7-4E10-8FA5-DA40C7BCB139}"
EndProject
Project("{9A19103F-16F7-4668-BE54-9A1E7A4F7556}") = "System.Private.CoreLib", "System.Private.CoreLib\System.Private.CoreLib.csproj", "{A699E48D-E8EF-4E94-9B9D-56E1E342F187}"
EndProject
Project("{9A19103F-16F7-4668-BE54-9A1E7A4F7556}") = "NetJit", "NetJit\NetJit.csproj", "{72CD2B92-51EF-438C-8169-6DD6BA42DD47}"
EndProject
Project("{9A19103F-16F7-4668-BE54-9A1E7A4F7556}") = "PAL", "PAL\PAL.csproj", "{A33994E1-8AFE-4D62-8FD6-61448AB60171}"
EndProject
Project("{9A19103F-16F7-4668-BE54-9A1E7A4F7556}") = "Common", "Common\Common.csproj", "{BE9CA4F1-BC53-4FB3-B082-0245AB53A03D}"
EndProject
Project("{FAE04EC0-301F-11D3-BF4B-00C04F79EFBC}") = "NetGc", "NetGc\NetGc.csproj", "{A80A7723-6EFC-44AA-AFFC-A5D9C4FEA686}"
EndProject
Global
	GlobalSection(SolutionConfigurationPlatforms) = preSolution
		Debug|Any CPU = Debug|Any CPU
		Release|Any CPU = Release|Any CPU
	EndGlobalSection
	GlobalSection(ProjectConfigurationPlatforms) = postSolution
		{3FFFFEE0-B0C7-4E10-8FA5-DA40C7BCB139}.Debug|Any CPU.ActiveCfg = Debug|Any CPU
		{3FFFFEE0-B0C7-4E10-8FA5-DA40C7BCB139}.Debug|Any CPU.Build.0 = Debug|Any CPU
		{3FFFFEE0-B0C7-4E10-8FA5-DA40C7BCB139}.Release|Any CPU.ActiveCfg = Release|Any CPU
		{3FFFFEE0-B0C7-4E10-8FA5-DA40C7BCB139}.Release|Any CPU.Build.0 = Release|Any CPU
		{A699E48D-E8EF-4E94-9B9D-56E1E342F187}.Debug|Any CPU.ActiveCfg = Debug|Any CPU
		{A699E48D-E8EF-4E94-9B9D-56E1E342F187}.Debug|Any CPU.Build.0 = Debug|Any CPU
		{A699E48D-E8EF-4E94-9B9D-56E1E342F187}.Release|Any CPU.ActiveCfg = Release|Any CPU
		{A699E48D-E8EF-4E94-9B9D-56E1E342F187}.Release|Any CPU.Build.0 = Release|Any CPU
		{72CD2B92-51EF-438C-8169-6DD6BA42DD47}.Debug|Any CPU.ActiveCfg = Debug|Any CPU
		{72CD2B92-51EF-438C-8169-6DD6BA42DD47}.Debug|Any CPU.Build.0 = Debug|Any CPU
		{72CD2B92-51EF-438C-8169-6DD6BA42DD47}.Release|Any CPU.ActiveCfg = Release|Any CPU
		{72CD2B92-51EF-438C-8169-6DD6BA42DD47}.Release|Any CPU.Build.0 = Release|Any CPU
		{A33994E1-8AFE-4D62-8FD6-61448AB60171}.Debug|Any CPU.ActiveCfg = Debug|Any CPU
		{A33994E1-8AFE-4D62-8FD6-61448AB60171}.Debug|Any CPU.Build.0 = Debug|Any CPU
		{A33994E1-8AFE-4D62-8FD6-61448AB60171}.Release|Any CPU.ActiveCfg = Release|Any CPU
		{A33994E1-8AFE-4D62-8FD6-61448AB60171}.Release|Any CPU.Build.0 = Release|Any CPU
		{BE9CA4F1-BC53-4FB3-B082-0245AB53A03D}.Debug|Any CPU.ActiveCfg = Debug|Any CPU
		{BE9CA4F1-BC53-4FB3-B082-0245AB53A03D}.Debug|Any CPU.Build.0 = Debug|Any CPU
		{BE9CA4F1-BC53-4FB3-B082-0245AB53A03D}.Release|Any CPU.ActiveCfg = Release|Any CPU
		{BE9CA4F1-BC53-4FB3-B082-0245AB53A03D}.Release|Any CPU.Build.0 = Release|Any CPU
		{A80A7723-6EFC-44AA-AFFC-A5D9C4FEA686}.Debug|Any CPU.ActiveCfg = Debug|Any CPU
		{A80A7723-6EFC-44AA-AFFC-A5D9C4FEA686}.Debug|Any CPU.Build.0 = Debug|Any CPU
		{A80A7723-6EFC-44AA-AFFC-A5D9C4FEA686}.Release|Any CPU.ActiveCfg = Release|Any CPU
		{A80A7723-6EFC-44AA-AFFC-A5D9C4FEA686}.Release|Any CPU.Build.0 = Release|Any CPU
	EndGlobalSection
	GlobalSection(SolutionProperties) = preSolution
		HideSolutionNode = FALSE
	EndGlobalSection
	GlobalSection(ExtensibilityGlobals) = postSolution
		SolutionGuid = {02CEEC4B-6ECC-46DA-BC91-A648A6E59812}
	EndGlobalSection
EndGlobal
